// !$*UTF8*$!
{
	archiveVersion = 1;
	classes = {
	};
	objectVersion = 46;
	objects = {

/* Begin PBXBuildFile section */
		46119CF31C73B03100DB5F12 /* HomeViewController.swift in Sources */ = {isa = PBXBuildFile; fileRef = 46119CF21C73B03100DB5F12 /* HomeViewController.swift */; };
		46119CF51C73B1D600DB5F12 /* UserSettingViewController.swift in Sources */ = {isa = PBXBuildFile; fileRef = 46119CF41C73B1D600DB5F12 /* UserSettingViewController.swift */; };
		763D562E1C6FF02900EA6470 /* AppDelegate.swift in Sources */ = {isa = PBXBuildFile; fileRef = 763D562D1C6FF02900EA6470 /* AppDelegate.swift */; };
		763D56301C6FF02900EA6470 /* ViewController.swift in Sources */ = {isa = PBXBuildFile; fileRef = 763D562F1C6FF02900EA6470 /* ViewController.swift */; };
		763D56331C6FF02900EA6470 /* Main.storyboard in Resources */ = {isa = PBXBuildFile; fileRef = 763D56311C6FF02900EA6470 /* Main.storyboard */; };
		763D56351C6FF02900EA6470 /* Assets.xcassets in Resources */ = {isa = PBXBuildFile; fileRef = 763D56341C6FF02900EA6470 /* Assets.xcassets */; };
		763D56381C6FF02900EA6470 /* LaunchScreen.storyboard in Resources */ = {isa = PBXBuildFile; fileRef = 763D56361C6FF02900EA6470 /* LaunchScreen.storyboard */; };
		763D56431C6FF02A00EA6470 /* MomentsTests.swift in Sources */ = {isa = PBXBuildFile; fileRef = 763D56421C6FF02A00EA6470 /* MomentsTests.swift */; };
		763D564E1C6FF02A00EA6470 /* MomentsUITests.swift in Sources */ = {isa = PBXBuildFile; fileRef = 763D564D1C6FF02A00EA6470 /* MomentsUITests.swift */; };
		A4E2E1F3371561F8A9AD2C56 /* libPods.a in Frameworks */ = {isa = PBXBuildFile; fileRef = EACAEA07EAEF2A89AC56DF44 /* libPods.a */; };
		D0755EFC1C77136B006AF25F /* NewMomentViewController.swift in Sources */ = {isa = PBXBuildFile; fileRef = D0755EFB1C77136B006AF25F /* NewMomentViewController.swift */; };
/* End PBXBuildFile section */

/* Begin PBXContainerItemProxy section */
		763D563F1C6FF02900EA6470 /* PBXContainerItemProxy */ = {
			isa = PBXContainerItemProxy;
			containerPortal = 763D56221C6FF02900EA6470 /* Project object */;
			proxyType = 1;
			remoteGlobalIDString = 763D56291C6FF02900EA6470;
			remoteInfo = Moments;
		};
		763D564A1C6FF02A00EA6470 /* PBXContainerItemProxy */ = {
			isa = PBXContainerItemProxy;
			containerPortal = 763D56221C6FF02900EA6470 /* Project object */;
			proxyType = 1;
			remoteGlobalIDString = 763D56291C6FF02900EA6470;
			remoteInfo = Moments;
		};
/* End PBXContainerItemProxy section */

/* Begin PBXFileReference section */
		46119CF21C73B03100DB5F12 /* HomeViewController.swift */ = {isa = PBXFileReference; fileEncoding = 4; lastKnownFileType = sourcecode.swift; path = HomeViewController.swift; sourceTree = "<group>"; };
		46119CF41C73B1D600DB5F12 /* UserSettingViewController.swift */ = {isa = PBXFileReference; fileEncoding = 4; lastKnownFileType = sourcecode.swift; path = UserSettingViewController.swift; sourceTree = "<group>"; };
		763D562A1C6FF02900EA6470 /* Moments.app */ = {isa = PBXFileReference; explicitFileType = wrapper.application; includeInIndex = 0; path = Moments.app; sourceTree = BUILT_PRODUCTS_DIR; };
		763D562D1C6FF02900EA6470 /* AppDelegate.swift */ = {isa = PBXFileReference; lastKnownFileType = sourcecode.swift; path = AppDelegate.swift; sourceTree = "<group>"; };
		763D562F1C6FF02900EA6470 /* ViewController.swift */ = {isa = PBXFileReference; lastKnownFileType = sourcecode.swift; path = ViewController.swift; sourceTree = "<group>"; };
		763D56321C6FF02900EA6470 /* Base */ = {isa = PBXFileReference; lastKnownFileType = file.storyboard; name = Base; path = Base.lproj/Main.storyboard; sourceTree = "<group>"; };
		763D56341C6FF02900EA6470 /* Assets.xcassets */ = {isa = PBXFileReference; lastKnownFileType = folder.assetcatalog; path = Assets.xcassets; sourceTree = "<group>"; };
		763D56371C6FF02900EA6470 /* Base */ = {isa = PBXFileReference; lastKnownFileType = file.storyboard; name = Base; path = Base.lproj/LaunchScreen.storyboard; sourceTree = "<group>"; };
		763D56391C6FF02900EA6470 /* Info.plist */ = {isa = PBXFileReference; lastKnownFileType = text.plist.xml; path = Info.plist; sourceTree = "<group>"; };
		763D563E1C6FF02900EA6470 /* MomentsTests.xctest */ = {isa = PBXFileReference; explicitFileType = wrapper.cfbundle; includeInIndex = 0; path = MomentsTests.xctest; sourceTree = BUILT_PRODUCTS_DIR; };
		763D56421C6FF02A00EA6470 /* MomentsTests.swift */ = {isa = PBXFileReference; lastKnownFileType = sourcecode.swift; path = MomentsTests.swift; sourceTree = "<group>"; };
		763D56441C6FF02A00EA6470 /* Info.plist */ = {isa = PBXFileReference; lastKnownFileType = text.plist.xml; path = Info.plist; sourceTree = "<group>"; };
		763D56491C6FF02A00EA6470 /* MomentsUITests.xctest */ = {isa = PBXFileReference; explicitFileType = wrapper.cfbundle; includeInIndex = 0; path = MomentsUITests.xctest; sourceTree = BUILT_PRODUCTS_DIR; };
		763D564D1C6FF02A00EA6470 /* MomentsUITests.swift */ = {isa = PBXFileReference; lastKnownFileType = sourcecode.swift; path = MomentsUITests.swift; sourceTree = "<group>"; };
		763D564F1C6FF02A00EA6470 /* Info.plist */ = {isa = PBXFileReference; lastKnownFileType = text.plist.xml; path = Info.plist; sourceTree = "<group>"; };
		76958D601C70034300B7DB95 /* Moments-Bridging-Header.h */ = {isa = PBXFileReference; lastKnownFileType = sourcecode.c.h; path = "Moments-Bridging-Header.h"; sourceTree = "<group>"; };
		BC6AA74CFF400715FFFBE8EC /* Pods.debug.xcconfig */ = {isa = PBXFileReference; includeInIndex = 1; lastKnownFileType = text.xcconfig; name = Pods.debug.xcconfig; path = "Pods/Target Support Files/Pods/Pods.debug.xcconfig"; sourceTree = "<group>"; };
		D0755EFB1C77136B006AF25F /* NewMomentViewController.swift */ = {isa = PBXFileReference; fileEncoding = 4; lastKnownFileType = sourcecode.swift; path = NewMomentViewController.swift; sourceTree = "<group>"; };
		EACAEA07EAEF2A89AC56DF44 /* libPods.a */ = {isa = PBXFileReference; explicitFileType = archive.ar; includeInIndex = 0; path = libPods.a; sourceTree = BUILT_PRODUCTS_DIR; };
		F7DCAC2B4275BE709073468F /* Pods.release.xcconfig */ = {isa = PBXFileReference; includeInIndex = 1; lastKnownFileType = text.xcconfig; name = Pods.release.xcconfig; path = "Pods/Target Support Files/Pods/Pods.release.xcconfig"; sourceTree = "<group>"; };
/* End PBXFileReference section */

/* Begin PBXFrameworksBuildPhase section */
		763D56271C6FF02900EA6470 /* Frameworks */ = {
			isa = PBXFrameworksBuildPhase;
			buildActionMask = 2147483647;
			files = (
				A4E2E1F3371561F8A9AD2C56 /* libPods.a in Frameworks */,
			);
			runOnlyForDeploymentPostprocessing = 0;
		};
		763D563B1C6FF02900EA6470 /* Frameworks */ = {
			isa = PBXFrameworksBuildPhase;
			buildActionMask = 2147483647;
			files = (
			);
			runOnlyForDeploymentPostprocessing = 0;
		};
		763D56461C6FF02A00EA6470 /* Frameworks */ = {
			isa = PBXFrameworksBuildPhase;
			buildActionMask = 2147483647;
			files = (
			);
			runOnlyForDeploymentPostprocessing = 0;
		};
/* End PBXFrameworksBuildPhase section */

/* Begin PBXGroup section */
		66A5F2C2BD4A3A9066318E01 /* Frameworks */ = {
			isa = PBXGroup;
			children = (
				EACAEA07EAEF2A89AC56DF44 /* libPods.a */,
			);
			name = Frameworks;
			sourceTree = "<group>";
		};
		763D56211C6FF02900EA6470 = {
			isa = PBXGroup;
			children = (
				763D562C1C6FF02900EA6470 /* Moments */,
				763D56411C6FF02A00EA6470 /* MomentsTests */,
				763D564C1C6FF02A00EA6470 /* MomentsUITests */,
				763D562B1C6FF02900EA6470 /* Products */,
				C8C916CE5CB446101AC09CA5 /* Pods */,
				66A5F2C2BD4A3A9066318E01 /* Frameworks */,
			);
			sourceTree = "<group>";
		};
		763D562B1C6FF02900EA6470 /* Products */ = {
			isa = PBXGroup;
			children = (
				763D562A1C6FF02900EA6470 /* Moments.app */,
				763D563E1C6FF02900EA6470 /* MomentsTests.xctest */,
				763D56491C6FF02A00EA6470 /* MomentsUITests.xctest */,
			);
			name = Products;
			sourceTree = "<group>";
		};
		763D562C1C6FF02900EA6470 /* Moments */ = {
			isa = PBXGroup;
			children = (
				763D562D1C6FF02900EA6470 /* AppDelegate.swift */,
				763D562F1C6FF02900EA6470 /* ViewController.swift */,
				763D56311C6FF02900EA6470 /* Main.storyboard */,
				D0755EFB1C77136B006AF25F /* NewMomentViewController.swift */,
				46119CF21C73B03100DB5F12 /* HomeViewController.swift */,
				46119CF41C73B1D600DB5F12 /* UserSettingViewController.swift */,
				763D56341C6FF02900EA6470 /* Assets.xcassets */,
				763D56361C6FF02900EA6470 /* LaunchScreen.storyboard */,
				763D56391C6FF02900EA6470 /* Info.plist */,
				76958D601C70034300B7DB95 /* Moments-Bridging-Header.h */,
			);
			path = Moments;
			sourceTree = "<group>";
		};
		763D56411C6FF02A00EA6470 /* MomentsTests */ = {
			isa = PBXGroup;
			children = (
				763D56421C6FF02A00EA6470 /* MomentsTests.swift */,
				763D56441C6FF02A00EA6470 /* Info.plist */,
			);
			path = MomentsTests;
			sourceTree = "<group>";
		};
		763D564C1C6FF02A00EA6470 /* MomentsUITests */ = {
			isa = PBXGroup;
			children = (
				763D564D1C6FF02A00EA6470 /* MomentsUITests.swift */,
				763D564F1C6FF02A00EA6470 /* Info.plist */,
			);
			path = MomentsUITests;
			sourceTree = "<group>";
		};
		C8C916CE5CB446101AC09CA5 /* Pods */ = {
			isa = PBXGroup;
			children = (
				BC6AA74CFF400715FFFBE8EC /* Pods.debug.xcconfig */,
				F7DCAC2B4275BE709073468F /* Pods.release.xcconfig */,
			);
			name = Pods;
			sourceTree = "<group>";
		};
/* End PBXGroup section */

/* Begin PBXNativeTarget section */
		763D56291C6FF02900EA6470 /* Moments */ = {
			isa = PBXNativeTarget;
			buildConfigurationList = 763D56521C6FF02A00EA6470 /* Build configuration list for PBXNativeTarget "Moments" */;
			buildPhases = (
				F89C34BB24CFA4781DB5DA14 /* Check Pods Manifest.lock */,
				763D56261C6FF02900EA6470 /* Sources */,
				763D56271C6FF02900EA6470 /* Frameworks */,
				763D56281C6FF02900EA6470 /* Resources */,
				4E8FB95F21D0B0C06B17C956 /* Embed Pods Frameworks */,
				837CE0FD68BED379A6C99862 /* Copy Pods Resources */,
			);
			buildRules = (
			);
			dependencies = (
			);
			name = Moments;
			productName = Moments;
			productReference = 763D562A1C6FF02900EA6470 /* Moments.app */;
			productType = "com.apple.product-type.application";
		};
		763D563D1C6FF02900EA6470 /* MomentsTests */ = {
			isa = PBXNativeTarget;
			buildConfigurationList = 763D56551C6FF02A00EA6470 /* Build configuration list for PBXNativeTarget "MomentsTests" */;
			buildPhases = (
				763D563A1C6FF02900EA6470 /* Sources */,
				763D563B1C6FF02900EA6470 /* Frameworks */,
				763D563C1C6FF02900EA6470 /* Resources */,
			);
			buildRules = (
			);
			dependencies = (
				763D56401C6FF02900EA6470 /* PBXTargetDependency */,
			);
			name = MomentsTests;
			productName = MomentsTests;
			productReference = 763D563E1C6FF02900EA6470 /* MomentsTests.xctest */;
			productType = "com.apple.product-type.bundle.unit-test";
		};
		763D56481C6FF02A00EA6470 /* MomentsUITests */ = {
			isa = PBXNativeTarget;
			buildConfigurationList = 763D56581C6FF02A00EA6470 /* Build configuration list for PBXNativeTarget "MomentsUITests" */;
			buildPhases = (
				763D56451C6FF02A00EA6470 /* Sources */,
				763D56461C6FF02A00EA6470 /* Frameworks */,
				763D56471C6FF02A00EA6470 /* Resources */,
			);
			buildRules = (
			);
			dependencies = (
				763D564B1C6FF02A00EA6470 /* PBXTargetDependency */,
			);
			name = MomentsUITests;
			productName = MomentsUITests;
			productReference = 763D56491C6FF02A00EA6470 /* MomentsUITests.xctest */;
			productType = "com.apple.product-type.bundle.ui-testing";
		};
/* End PBXNativeTarget section */

/* Begin PBXProject section */
		763D56221C6FF02900EA6470 /* Project object */ = {
			isa = PBXProject;
			attributes = {
				LastSwiftUpdateCheck = 0720;
				LastUpgradeCheck = 0720;
				ORGANIZATIONNAME = Moments;
				TargetAttributes = {
					763D56291C6FF02900EA6470 = {
						CreatedOnToolsVersion = 7.2.1;
						DevelopmentTeam = 2DN9PN56QE;
					};
					763D563D1C6FF02900EA6470 = {
						CreatedOnToolsVersion = 7.2.1;
						DevelopmentTeam = 2DN9PN56QE;
						TestTargetID = 763D56291C6FF02900EA6470;
					};
					763D56481C6FF02A00EA6470 = {
						CreatedOnToolsVersion = 7.2.1;
						DevelopmentTeam = 2DN9PN56QE;
						TestTargetID = 763D56291C6FF02900EA6470;
					};
				};
			};
			buildConfigurationList = 763D56251C6FF02900EA6470 /* Build configuration list for PBXProject "Moments" */;
			compatibilityVersion = "Xcode 3.2";
			developmentRegion = English;
			hasScannedForEncodings = 0;
			knownRegions = (
				en,
				Base,
			);
			mainGroup = 763D56211C6FF02900EA6470;
			productRefGroup = 763D562B1C6FF02900EA6470 /* Products */;
			projectDirPath = "";
			projectRoot = "";
			targets = (
				763D56291C6FF02900EA6470 /* Moments */,
				763D563D1C6FF02900EA6470 /* MomentsTests */,
				763D56481C6FF02A00EA6470 /* MomentsUITests */,
			);
		};
/* End PBXProject section */

/* Begin PBXResourcesBuildPhase section */
		763D56281C6FF02900EA6470 /* Resources */ = {
			isa = PBXResourcesBuildPhase;
			buildActionMask = 2147483647;
			files = (
				763D56381C6FF02900EA6470 /* LaunchScreen.storyboard in Resources */,
				763D56351C6FF02900EA6470 /* Assets.xcassets in Resources */,
				763D56331C6FF02900EA6470 /* Main.storyboard in Resources */,
			);
			runOnlyForDeploymentPostprocessing = 0;
		};
		763D563C1C6FF02900EA6470 /* Resources */ = {
			isa = PBXResourcesBuildPhase;
			buildActionMask = 2147483647;
			files = (
			);
			runOnlyForDeploymentPostprocessing = 0;
		};
		763D56471C6FF02A00EA6470 /* Resources */ = {
			isa = PBXResourcesBuildPhase;
			buildActionMask = 2147483647;
			files = (
			);
			runOnlyForDeploymentPostprocessing = 0;
		};
/* End PBXResourcesBuildPhase section */

/* Begin PBXShellScriptBuildPhase section */
		4E8FB95F21D0B0C06B17C956 /* Embed Pods Frameworks */ = {
			isa = PBXShellScriptBuildPhase;
			buildActionMask = 2147483647;
			files = (
			);
			inputPaths = (
			);
			name = "Embed Pods Frameworks";
			outputPaths = (
			);
			runOnlyForDeploymentPostprocessing = 0;
			shellPath = /bin/sh;
			shellScript = "\"${SRCROOT}/Pods/Target Support Files/Pods/Pods-frameworks.sh\"\n";
			showEnvVarsInLog = 0;
		};
		837CE0FD68BED379A6C99862 /* Copy Pods Resources */ = {
			isa = PBXShellScriptBuildPhase;
			buildActionMask = 2147483647;
			files = (
			);
			inputPaths = (
			);
			name = "Copy Pods Resources";
			outputPaths = (
			);
			runOnlyForDeploymentPostprocessing = 0;
			shellPath = /bin/sh;
			shellScript = "\"${SRCROOT}/Pods/Target Support Files/Pods/Pods-resources.sh\"\n";
			showEnvVarsInLog = 0;
		};
		F89C34BB24CFA4781DB5DA14 /* Check Pods Manifest.lock */ = {
			isa = PBXShellScriptBuildPhase;
			buildActionMask = 2147483647;
			files = (
			);
			inputPaths = (
			);
			name = "Check Pods Manifest.lock";
			outputPaths = (
			);
			runOnlyForDeploymentPostprocessing = 0;
			shellPath = /bin/sh;
			shellScript = "diff \"${PODS_ROOT}/../Podfile.lock\" \"${PODS_ROOT}/Manifest.lock\" > /dev/null\nif [[ $? != 0 ]] ; then\n    cat << EOM\nerror: The sandbox is not in sync with the Podfile.lock. Run 'pod install' or update your CocoaPods installation.\nEOM\n    exit 1\nfi\n";
			showEnvVarsInLog = 0;
		};
/* End PBXShellScriptBuildPhase section */

/* Begin PBXSourcesBuildPhase section */
		763D56261C6FF02900EA6470 /* Sources */ = {
			isa = PBXSourcesBuildPhase;
			buildActionMask = 2147483647;
			files = (
				763D56301C6FF02900EA6470 /* ViewController.swift in Sources */,
				763D562E1C6FF02900EA6470 /* AppDelegate.swift in Sources */,
				46119CF51C73B1D600DB5F12 /* UserSettingViewController.swift in Sources */,
				D0755EFC1C77136B006AF25F /* NewMomentViewController.swift in Sources */,
				46119CF31C73B03100DB5F12 /* HomeViewController.swift in Sources */,
			);
			runOnlyForDeploymentPostprocessing = 0;
		};
		763D563A1C6FF02900EA6470 /* Sources */ = {
			isa = PBXSourcesBuildPhase;
			buildActionMask = 2147483647;
			files = (
				763D56431C6FF02A00EA6470 /* MomentsTests.swift in Sources */,
			);
			runOnlyForDeploymentPostprocessing = 0;
		};
		763D56451C6FF02A00EA6470 /* Sources */ = {
			isa = PBXSourcesBuildPhase;
			buildActionMask = 2147483647;
			files = (
				763D564E1C6FF02A00EA6470 /* MomentsUITests.swift in Sources */,
			);
			runOnlyForDeploymentPostprocessing = 0;
		};
/* End PBXSourcesBuildPhase section */

/* Begin PBXTargetDependency section */
		763D56401C6FF02900EA6470 /* PBXTargetDependency */ = {
			isa = PBXTargetDependency;
			target = 763D56291C6FF02900EA6470 /* Moments */;
			targetProxy = 763D563F1C6FF02900EA6470 /* PBXContainerItemProxy */;
		};
		763D564B1C6FF02A00EA6470 /* PBXTargetDependency */ = {
			isa = PBXTargetDependency;
			target = 763D56291C6FF02900EA6470 /* Moments */;
			targetProxy = 763D564A1C6FF02A00EA6470 /* PBXContainerItemProxy */;
		};
/* End PBXTargetDependency section */

/* Begin PBXVariantGroup section */
		763D56311C6FF02900EA6470 /* Main.storyboard */ = {
			isa = PBXVariantGroup;
			children = (
				763D56321C6FF02900EA6470 /* Base */,
			);
			name = Main.storyboard;
			sourceTree = "<group>";
		};
		763D56361C6FF02900EA6470 /* LaunchScreen.storyboard */ = {
			isa = PBXVariantGroup;
			children = (
				763D56371C6FF02900EA6470 /* Base */,
			);
			name = LaunchScreen.storyboard;
			sourceTree = "<group>";
		};
/* End PBXVariantGroup section */

/* Begin XCBuildConfiguration section */
		763D56501C6FF02A00EA6470 /* Debug */ = {
			isa = XCBuildConfiguration;
			buildSettings = {
				ALWAYS_SEARCH_USER_PATHS = NO;
				CLANG_CXX_LANGUAGE_STANDARD = "gnu++0x";
				CLANG_CXX_LIBRARY = "libc++";
				CLANG_ENABLE_MODULES = YES;
				CLANG_ENABLE_OBJC_ARC = YES;
				CLANG_WARN_BOOL_CONVERSION = YES;
				CLANG_WARN_CONSTANT_CONVERSION = YES;
				CLANG_WARN_DIRECT_OBJC_ISA_USAGE = YES_ERROR;
				CLANG_WARN_EMPTY_BODY = YES;
				CLANG_WARN_ENUM_CONVERSION = YES;
				CLANG_WARN_INT_CONVERSION = YES;
				CLANG_WARN_OBJC_ROOT_CLASS = YES_ERROR;
				CLANG_WARN_UNREACHABLE_CODE = YES;
				CLANG_WARN__DUPLICATE_METHOD_MATCH = YES;
				"CODE_SIGN_IDENTITY[sdk=iphoneos*]" = "iPhone Developer";
				COPY_PHASE_STRIP = NO;
				DEBUG_INFORMATION_FORMAT = dwarf;
				ENABLE_STRICT_OBJC_MSGSEND = YES;
				ENABLE_TESTABILITY = YES;
				GCC_C_LANGUAGE_STANDARD = gnu99;
				GCC_DYNAMIC_NO_PIC = NO;
				GCC_NO_COMMON_BLOCKS = YES;
				GCC_OPTIMIZATION_LEVEL = 0;
				GCC_PREPROCESSOR_DEFINITIONS = (
					"DEBUG=1",
					"$(inherited)",
				);
				GCC_WARN_64_TO_32_BIT_CONVERSION = YES;
				GCC_WARN_ABOUT_RETURN_TYPE = YES_ERROR;
				GCC_WARN_UNDECLARED_SELECTOR = YES;
				GCC_WARN_UNINITIALIZED_AUTOS = YES_AGGRESSIVE;
				GCC_WARN_UNUSED_FUNCTION = YES;
				GCC_WARN_UNUSED_VARIABLE = YES;
				IPHONEOS_DEPLOYMENT_TARGET = 9.2;
				MTL_ENABLE_DEBUG_INFO = YES;
				ONLY_ACTIVE_ARCH = YES;
				SDKROOT = iphoneos;
				SWIFT_OPTIMIZATION_LEVEL = "-Onone";
			};
			name = Debug;
		};
		763D56511C6FF02A00EA6470 /* Release */ = {
			isa = XCBuildConfiguration;
			buildSettings = {
				ALWAYS_SEARCH_USER_PATHS = NO;
				CLANG_CXX_LANGUAGE_STANDARD = "gnu++0x";
				CLANG_CXX_LIBRARY = "libc++";
				CLANG_ENABLE_MODULES = YES;
				CLANG_ENABLE_OBJC_ARC = YES;
				CLANG_WARN_BOOL_CONVERSION = YES;
				CLANG_WARN_CONSTANT_CONVERSION = YES;
				CLANG_WARN_DIRECT_OBJC_ISA_USAGE = YES_ERROR;
				CLANG_WARN_EMPTY_BODY = YES;
				CLANG_WARN_ENUM_CONVERSION = YES;
				CLANG_WARN_INT_CONVERSION = YES;
				CLANG_WARN_OBJC_ROOT_CLASS = YES_ERROR;
				CLANG_WARN_UNREACHABLE_CODE = YES;
				CLANG_WARN__DUPLICATE_METHOD_MATCH = YES;
				"CODE_SIGN_IDENTITY[sdk=iphoneos*]" = "iPhone Developer";
				COPY_PHASE_STRIP = NO;
				DEBUG_INFORMATION_FORMAT = "dwarf-with-dsym";
				ENABLE_NS_ASSERTIONS = NO;
				ENABLE_STRICT_OBJC_MSGSEND = YES;
				GCC_C_LANGUAGE_STANDARD = gnu99;
				GCC_NO_COMMON_BLOCKS = YES;
				GCC_WARN_64_TO_32_BIT_CONVERSION = YES;
				GCC_WARN_ABOUT_RETURN_TYPE = YES_ERROR;
				GCC_WARN_UNDECLARED_SELECTOR = YES;
				GCC_WARN_UNINITIALIZED_AUTOS = YES_AGGRESSIVE;
				GCC_WARN_UNUSED_FUNCTION = YES;
				GCC_WARN_UNUSED_VARIABLE = YES;
				IPHONEOS_DEPLOYMENT_TARGET = 9.2;
				MTL_ENABLE_DEBUG_INFO = NO;
				SDKROOT = iphoneos;
				VALIDATE_PRODUCT = YES;
			};
			name = Release;
		};
		763D56531C6FF02A00EA6470 /* Debug */ = {
			isa = XCBuildConfiguration;
			baseConfigurationReference = BC6AA74CFF400715FFFBE8EC /* Pods.debug.xcconfig */;
			buildSettings = {
				ASSETCATALOG_COMPILER_APPICON_NAME = AppIcon;
				CLANG_ENABLE_MODULES = YES;
				INFOPLIST_FILE = Moments/Info.plist;
				LD_RUNPATH_SEARCH_PATHS = "$(inherited) @executable_path/Frameworks";
				PRODUCT_BUNDLE_IDENTIFIER = com.Moments.Moments;
				PRODUCT_NAME = "$(TARGET_NAME)";
				SWIFT_OBJC_BRIDGING_HEADER = "Moments/Moments-Bridging-Header.h";
				SWIFT_OPTIMIZATION_LEVEL = "-Onone";
			};
			name = Debug;
		};
		763D56541C6FF02A00EA6470 /* Release */ = {
			isa = XCBuildConfiguration;
			baseConfigurationReference = F7DCAC2B4275BE709073468F /* Pods.release.xcconfig */;
			buildSettings = {
				ASSETCATALOG_COMPILER_APPICON_NAME = AppIcon;
				CLANG_ENABLE_MODULES = YES;
				INFOPLIST_FILE = Moments/Info.plist;
				LD_RUNPATH_SEARCH_PATHS = "$(inherited) @executable_path/Frameworks";
				PRODUCT_BUNDLE_IDENTIFIER = com.Moments.Moments;
				PRODUCT_NAME = "$(TARGET_NAME)";
				SWIFT_OBJC_BRIDGING_HEADER = "Moments/Moments-Bridging-Header.h";
			};
			name = Release;
		};
		763D56561C6FF02A00EA6470 /* Debug */ = {
			isa = XCBuildConfiguration;
			buildSettings = {
				BUNDLE_LOADER = "$(TEST_HOST)";
				INFOPLIST_FILE = MomentsTests/Info.plist;
				LD_RUNPATH_SEARCH_PATHS = "$(inherited) @executable_path/Frameworks @loader_path/Frameworks";
				PRODUCT_BUNDLE_IDENTIFIER = com.Moments.MomentsTests;
				PRODUCT_NAME = "$(TARGET_NAME)";
				TEST_HOST = "$(BUILT_PRODUCTS_DIR)/Moments.app/Moments";
			};
			name = Debug;
		};
		763D56571C6FF02A00EA6470 /* Release */ = {
			isa = XCBuildConfiguration;
			buildSettings = {
				BUNDLE_LOADER = "$(TEST_HOST)";
				INFOPLIST_FILE = MomentsTests/Info.plist;
				LD_RUNPATH_SEARCH_PATHS = "$(inherited) @executable_path/Frameworks @loader_path/Frameworks";
				PRODUCT_BUNDLE_IDENTIFIER = com.Moments.MomentsTests;
				PRODUCT_NAME = "$(TARGET_NAME)";
				TEST_HOST = "$(BUILT_PRODUCTS_DIR)/Moments.app/Moments";
			};
			name = Release;
		};
		763D56591C6FF02A00EA6470 /* Debug */ = {
			isa = XCBuildConfiguration;
			buildSettings = {
				INFOPLIST_FILE = MomentsUITests/Info.plist;
				LD_RUNPATH_SEARCH_PATHS = "$(inherited) @executable_path/Frameworks @loader_path/Frameworks";
				PRODUCT_BUNDLE_IDENTIFIER = com.Moments.MomentsUITests;
				PRODUCT_NAME = "$(TARGET_NAME)";
				TEST_TARGET_NAME = Moments;
				USES_XCTRUNNER = YES;
			};
			name = Debug;
		};
		763D565A1C6FF02A00EA6470 /* Release */ = {
			isa = XCBuildConfiguration;
			buildSettings = {
				INFOPLIST_FILE = MomentsUITests/Info.plist;
				LD_RUNPATH_SEARCH_PATHS = "$(inherited) @executable_path/Frameworks @loader_path/Frameworks";
				PRODUCT_BUNDLE_IDENTIFIER = com.Moments.MomentsUITests;
				PRODUCT_NAME = "$(TARGET_NAME)";
				TEST_TARGET_NAME = Moments;
				USES_XCTRUNNER = YES;
			};
			name = Release;
		};
/* End XCBuildConfiguration section */

/* Begin XCConfigurationList section */
		763D56251C6FF02900EA6470 /* Build configuration list for PBXProject "Moments" */ = {
			isa = XCConfigurationList;
			buildConfigurations = (
				763D56501C6FF02A00EA6470 /* Debug */,
				763D56511C6FF02A00EA6470 /* Release */,
			);
			defaultConfigurationIsVisible = 0;
			defaultConfigurationName = Release;
		};
		763D56521C6FF02A00EA6470 /* Build configuration list for PBXNativeTarget "Moments" */ = {
			isa = XCConfigurationList;
			buildConfigurations = (
				763D56531C6FF02A00EA6470 /* Debug */,
				763D56541C6FF02A00EA6470 /* Release */,
			);
			defaultConfigurationIsVisible = 0;
			defaultConfigurationName = Release;
		};
		763D56551C6FF02A00EA6470 /* Build configuration list for PBXNativeTarget "MomentsTests" */ = {
			isa = XCConfigurationList;
			buildConfigurations = (
				763D56561C6FF02A00EA6470 /* Debug */,
				763D56571C6FF02A00EA6470 /* Release */,
			);
			defaultConfigurationIsVisible = 0;
			defaultConfigurationName = Release;
		};
		763D56581C6FF02A00EA6470 /* Build configuration list for PBXNativeTarget "MomentsUITests" */ = {
			isa = XCConfigurationList;
			buildConfigurations = (
				763D56591C6FF02A00EA6470 /* Debug */,
				763D565A1C6FF02A00EA6470 /* Release */,
			);
			defaultConfigurationIsVisible = 0;
			defaultConfigurationName = Release;
		};
/* End XCConfigurationList section */
	};
	rootObject = 763D56221C6FF02900EA6470 /* Project object */;
}
